
Microsoft Visual Studio Solution File, Format Version 12.00
# Visual Studio Version 17
VisualStudioVersion = 17.0.31919.166
MinimumVisualStudioVersion = 10.0.40219.1
Project("{9A19103F-16F7-4668-BE54-9A1E7A4F7556}") = "Art", "Art\Art.csproj", "{2EFE5002-C528-4BFC-B58B-1E7265D7960F}"
EndProject
Project("{FAE04EC0-301F-11D3-BF4B-00C04F79EFBC}") = "test", "test\test.csproj", "{ECDFFBBA-69B1-49F9-8956-F0B26B21B7CA}"
EndProject
Global
	GlobalSection(SolutionConfigurationPlatforms) = preSolution
		Debug|Any CPU = Debug|Any CPU
		Release|Any CPU = Release|Any CPU
	EndGlobalSection
	GlobalSection(ProjectConfigurationPlatforms) = postSolution
		{2EFE5002-C528-4BFC-B58B-1E7265D7960F}.Debug|Any CPU.ActiveCfg = Debug|Any CPU
		{2EFE5002-C528-4BFC-B58B-1E7265D7960F}.Debug|Any CPU.Build.0 = Debug|Any CPU
		{2EFE5002-C528-4BFC-B58B-1E7265D7960F}.Release|Any CPU.ActiveCfg = Release|Any CPU
		{2EFE5002-C528-4BFC-B58B-1E7265D7960F}.Release|Any CPU.Build.0 = Release|Any CPU
		{ECDFFBBA-69B1-49F9-8956-F0B26B21B7CA}.Debug|Any CPU.ActiveCfg = Debug|Any CPU
		{ECDFFBBA-69B1-49F9-8956-F0B26B21B7CA}.Debug|Any CPU.Build.0 = Debug|Any CPU
		{ECDFFBBA-69B1-49F9-8956-F0B26B21B7CA}.Release|Any CPU.ActiveCfg = Release|Any CPU
		{ECDFFBBA-69B1-49F9-8956-F0B26B21B7CA}.Release|Any CPU.Build.0 = Release|Any CPU
	EndGlobalSection
	GlobalSection(SolutionProperties) = preSolution
		HideSolutionNode = FALSE
	EndGlobalSection
	GlobalSection(ExtensibilityGlobals) = postSolution
		SolutionGuid = {0C03A56E-4399-4660-92D8-FCDD372F664E}
	EndGlobalSection
EndGlobal
